// !$*UTF8*$!
{
	archiveVersion = 1;
	classes = {
	};
	objectVersion = 51;
	objects = {

/* Begin PBXBuildFile section */
		025D805E252897340046E7DE /* Utilities.swift in Sources */ = {isa = PBXBuildFile; fileRef = 025D805D252897340046E7DE /* Utilities.swift */; };
		025D80612528C9080046E7DE /* GoogleService-Info.plist in Resources */ = {isa = PBXBuildFile; fileRef = 025D80602528C9080046E7DE /* GoogleService-Info.plist */; };
		0289912E252A0E4A00112450 /* UploadTweetController.swift in Sources */ = {isa = PBXBuildFile; fileRef = 0289912D252A0E4A00112450 /* UploadTweetController.swift */; };
		02899131252A15BB00112450 /* CaptionTextView.swift in Sources */ = {isa = PBXBuildFile; fileRef = 02899130252A15BB00112450 /* CaptionTextView.swift */; };
		02899134252A19DF00112450 /* TweetService.swift in Sources */ = {isa = PBXBuildFile; fileRef = 02899133252A19DF00112450 /* TweetService.swift */; };
		02899137252A20C900112450 /* Tweet.swift in Sources */ = {isa = PBXBuildFile; fileRef = 02899136252A20C900112450 /* Tweet.swift */; };
		0289913A252A265500112450 /* TweetCell.swift in Sources */ = {isa = PBXBuildFile; fileRef = 02899139252A265500112450 /* TweetCell.swift */; };
		0289913D252A31E500112450 /* TweetViewModel.swift in Sources */ = {isa = PBXBuildFile; fileRef = 0289913C252A31E500112450 /* TweetViewModel.swift */; };
		02899144252A43B200112450 /* ProfileController.swift in Sources */ = {isa = PBXBuildFile; fileRef = 02899143252A43B200112450 /* ProfileController.swift */; };
		02899148252A4DB400112450 /* ProfileHeader.swift in Sources */ = {isa = PBXBuildFile; fileRef = 02899147252A4DB400112450 /* ProfileHeader.swift */; };
		0289914B252A5B2A00112450 /* ProfileFilterView.swift in Sources */ = {isa = PBXBuildFile; fileRef = 0289914A252A5B2A00112450 /* ProfileFilterView.swift */; };
		0289914E252A5CE700112450 /* ProfileFilterCell.swift in Sources */ = {isa = PBXBuildFile; fileRef = 0289914D252A5CE700112450 /* ProfileFilterCell.swift */; };
		02899151252A62B300112450 /* ProfileHeaderViewModel.swift in Sources */ = {isa = PBXBuildFile; fileRef = 02899150252A62B300112450 /* ProfileHeaderViewModel.swift */; };
		028CFB5C2529A51700090291 /* Constants.swift in Sources */ = {isa = PBXBuildFile; fileRef = 028CFB5B2529A51700090291 /* Constants.swift */; };
		028CFB5F2529A8F200090291 /* AuthService.swift in Sources */ = {isa = PBXBuildFile; fileRef = 028CFB5E2529A8F200090291 /* AuthService.swift */; };
		028CFB622529B5B900090291 /* UserService.swift in Sources */ = {isa = PBXBuildFile; fileRef = 028CFB612529B5B900090291 /* UserService.swift */; };
		028CFB652529B7B300090291 /* User.swift in Sources */ = {isa = PBXBuildFile; fileRef = 028CFB642529B7B300090291 /* User.swift */; };
		02BD9B8C25280397006E2F27 /* AppDelegate.swift in Sources */ = {isa = PBXBuildFile; fileRef = 02BD9B8B25280397006E2F27 /* AppDelegate.swift */; };
		02BD9B8E25280397006E2F27 /* SceneDelegate.swift in Sources */ = {isa = PBXBuildFile; fileRef = 02BD9B8D25280397006E2F27 /* SceneDelegate.swift */; };
		02BD9B9325280397006E2F27 /* Main.storyboard in Resources */ = {isa = PBXBuildFile; fileRef = 02BD9B9125280397006E2F27 /* Main.storyboard */; };
		02BD9B9525280398006E2F27 /* Assets.xcassets in Resources */ = {isa = PBXBuildFile; fileRef = 02BD9B9425280398006E2F27 /* Assets.xcassets */; };
		02BD9B9825280398006E2F27 /* LaunchScreen.storyboard in Resources */ = {isa = PBXBuildFile; fileRef = 02BD9B9625280398006E2F27 /* LaunchScreen.storyboard */; };
		02BD9BA8252804CB006E2F27 /* MainTabController.swift in Sources */ = {isa = PBXBuildFile; fileRef = 02BD9BA7252804CB006E2F27 /* MainTabController.swift */; };
		02BD9BAB2528086F006E2F27 /* FeedController.swift in Sources */ = {isa = PBXBuildFile; fileRef = 02BD9BAA2528086F006E2F27 /* FeedController.swift */; };
		02BD9BAE252808D5006E2F27 /* ExploreController.swift in Sources */ = {isa = PBXBuildFile; fileRef = 02BD9BAD252808D5006E2F27 /* ExploreController.swift */; };
		02BD9BB1252808FF006E2F27 /* NotificationsController.swift in Sources */ = {isa = PBXBuildFile; fileRef = 02BD9BB0252808FF006E2F27 /* NotificationsController.swift */; };
		02BD9BB425280914006E2F27 /* ConversationsController.swift in Sources */ = {isa = PBXBuildFile; fileRef = 02BD9BB325280914006E2F27 /* ConversationsController.swift */; };
		02BD9BB7252810CF006E2F27 /* Extensions.swift in Sources */ = {isa = PBXBuildFile; fileRef = 02BD9BB6252810CF006E2F27 /* Extensions.swift */; };
		02BD9BBB252818A1006E2F27 /* LoginController.swift in Sources */ = {isa = PBXBuildFile; fileRef = 02BD9BBA252818A1006E2F27 /* LoginController.swift */; };
		02BD9BBE252818F3006E2F27 /* RegistrationController.swift in Sources */ = {isa = PBXBuildFile; fileRef = 02BD9BBD252818F3006E2F27 /* RegistrationController.swift */; };
		84278E98F5FAA322B42B2846 /* Pods_TwitterExample.framework in Frameworks */ = {isa = PBXBuildFile; fileRef = 77A5BFAB66D2A327E8734E37 /* Pods_TwitterExample.framework */; };
/* End PBXBuildFile section */

/* Begin PBXFileReference section */
		025D805D252897340046E7DE /* Utilities.swift */ = {isa = PBXFileReference; lastKnownFileType = sourcecode.swift; path = Utilities.swift; sourceTree = "<group>"; };
		025D80602528C9080046E7DE /* GoogleService-Info.plist */ = {isa = PBXFileReference; fileEncoding = 4; lastKnownFileType = text.plist.xml; path = "GoogleService-Info.plist"; sourceTree = "<group>"; };
		0289912D252A0E4A00112450 /* UploadTweetController.swift */ = {isa = PBXFileReference; lastKnownFileType = sourcecode.swift; path = UploadTweetController.swift; sourceTree = "<group>"; };
		02899130252A15BB00112450 /* CaptionTextView.swift */ = {isa = PBXFileReference; lastKnownFileType = sourcecode.swift; path = CaptionTextView.swift; sourceTree = "<group>"; };
		02899133252A19DF00112450 /* TweetService.swift */ = {isa = PBXFileReference; lastKnownFileType = sourcecode.swift; path = TweetService.swift; sourceTree = "<group>"; };
		02899136252A20C900112450 /* Tweet.swift */ = {isa = PBXFileReference; lastKnownFileType = sourcecode.swift; path = Tweet.swift; sourceTree = "<group>"; };
		02899139252A265500112450 /* TweetCell.swift */ = {isa = PBXFileReference; lastKnownFileType = sourcecode.swift; path = TweetCell.swift; sourceTree = "<group>"; };
		0289913C252A31E500112450 /* TweetViewModel.swift */ = {isa = PBXFileReference; lastKnownFileType = sourcecode.swift; path = TweetViewModel.swift; sourceTree = "<group>"; };
		02899143252A43B200112450 /* ProfileController.swift */ = {isa = PBXFileReference; lastKnownFileType = sourcecode.swift; path = ProfileController.swift; sourceTree = "<group>"; };
		02899147252A4DB400112450 /* ProfileHeader.swift */ = {isa = PBXFileReference; lastKnownFileType = sourcecode.swift; path = ProfileHeader.swift; sourceTree = "<group>"; };
		0289914A252A5B2A00112450 /* ProfileFilterView.swift */ = {isa = PBXFileReference; lastKnownFileType = sourcecode.swift; path = ProfileFilterView.swift; sourceTree = "<group>"; };
		0289914D252A5CE700112450 /* ProfileFilterCell.swift */ = {isa = PBXFileReference; lastKnownFileType = sourcecode.swift; path = ProfileFilterCell.swift; sourceTree = "<group>"; };
		02899150252A62B300112450 /* ProfileHeaderViewModel.swift */ = {isa = PBXFileReference; lastKnownFileType = sourcecode.swift; path = ProfileHeaderViewModel.swift; sourceTree = "<group>"; };
		028CFB5B2529A51700090291 /* Constants.swift */ = {isa = PBXFileReference; lastKnownFileType = sourcecode.swift; path = Constants.swift; sourceTree = "<group>"; };
		028CFB5E2529A8F200090291 /* AuthService.swift */ = {isa = PBXFileReference; lastKnownFileType = sourcecode.swift; path = AuthService.swift; sourceTree = "<group>"; };
		028CFB612529B5B900090291 /* UserService.swift */ = {isa = PBXFileReference; lastKnownFileType = sourcecode.swift; path = UserService.swift; sourceTree = "<group>"; };
		028CFB642529B7B300090291 /* User.swift */ = {isa = PBXFileReference; lastKnownFileType = sourcecode.swift; path = User.swift; sourceTree = "<group>"; };
		02BD9B8825280397006E2F27 /* TwitterExample.app */ = {isa = PBXFileReference; explicitFileType = wrapper.application; includeInIndex = 0; path = TwitterExample.app; sourceTree = BUILT_PRODUCTS_DIR; };
		02BD9B8B25280397006E2F27 /* AppDelegate.swift */ = {isa = PBXFileReference; lastKnownFileType = sourcecode.swift; path = AppDelegate.swift; sourceTree = "<group>"; };
		02BD9B8D25280397006E2F27 /* SceneDelegate.swift */ = {isa = PBXFileReference; lastKnownFileType = sourcecode.swift; path = SceneDelegate.swift; sourceTree = "<group>"; };
		02BD9B9225280397006E2F27 /* Base */ = {isa = PBXFileReference; lastKnownFileType = file.storyboard; name = Base; path = Base.lproj/Main.storyboard; sourceTree = "<group>"; };
		02BD9B9425280398006E2F27 /* Assets.xcassets */ = {isa = PBXFileReference; lastKnownFileType = folder.assetcatalog; path = Assets.xcassets; sourceTree = "<group>"; };
		02BD9B9725280398006E2F27 /* Base */ = {isa = PBXFileReference; lastKnownFileType = file.storyboard; name = Base; path = Base.lproj/LaunchScreen.storyboard; sourceTree = "<group>"; };
		02BD9B9925280398006E2F27 /* Info.plist */ = {isa = PBXFileReference; lastKnownFileType = text.plist.xml; path = Info.plist; sourceTree = "<group>"; };
		02BD9BA7252804CB006E2F27 /* MainTabController.swift */ = {isa = PBXFileReference; lastKnownFileType = sourcecode.swift; path = MainTabController.swift; sourceTree = "<group>"; };
		02BD9BAA2528086F006E2F27 /* FeedController.swift */ = {isa = PBXFileReference; lastKnownFileType = sourcecode.swift; path = FeedController.swift; sourceTree = "<group>"; };
		02BD9BAD252808D5006E2F27 /* ExploreController.swift */ = {isa = PBXFileReference; lastKnownFileType = sourcecode.swift; path = ExploreController.swift; sourceTree = "<group>"; };
		02BD9BB0252808FF006E2F27 /* NotificationsController.swift */ = {isa = PBXFileReference; lastKnownFileType = sourcecode.swift; path = NotificationsController.swift; sourceTree = "<group>"; };
		02BD9BB325280914006E2F27 /* ConversationsController.swift */ = {isa = PBXFileReference; lastKnownFileType = sourcecode.swift; path = ConversationsController.swift; sourceTree = "<group>"; };
		02BD9BB6252810CF006E2F27 /* Extensions.swift */ = {isa = PBXFileReference; lastKnownFileType = sourcecode.swift; path = Extensions.swift; sourceTree = "<group>"; };
		02BD9BBA252818A1006E2F27 /* LoginController.swift */ = {isa = PBXFileReference; lastKnownFileType = sourcecode.swift; path = LoginController.swift; sourceTree = "<group>"; };
		02BD9BBD252818F3006E2F27 /* RegistrationController.swift */ = {isa = PBXFileReference; lastKnownFileType = sourcecode.swift; path = RegistrationController.swift; sourceTree = "<group>"; };
		7453E9328F943EC5351164BF /* Pods-TwitterExample.release.xcconfig */ = {isa = PBXFileReference; includeInIndex = 1; lastKnownFileType = text.xcconfig; name = "Pods-TwitterExample.release.xcconfig"; path = "Target Support Files/Pods-TwitterExample/Pods-TwitterExample.release.xcconfig"; sourceTree = "<group>"; };
		77A5BFAB66D2A327E8734E37 /* Pods_TwitterExample.framework */ = {isa = PBXFileReference; explicitFileType = wrapper.framework; includeInIndex = 0; path = Pods_TwitterExample.framework; sourceTree = BUILT_PRODUCTS_DIR; };
		8469FE5ABB8326E9211CCEEB /* Pods-TwitterExample.debug.xcconfig */ = {isa = PBXFileReference; includeInIndex = 1; lastKnownFileType = text.xcconfig; name = "Pods-TwitterExample.debug.xcconfig"; path = "Target Support Files/Pods-TwitterExample/Pods-TwitterExample.debug.xcconfig"; sourceTree = "<group>"; };
/* End PBXFileReference section */

/* Begin PBXFrameworksBuildPhase section */
		02BD9B8525280397006E2F27 /* Frameworks */ = {
			isa = PBXFrameworksBuildPhase;
			buildActionMask = 2147483647;
			files = (
				84278E98F5FAA322B42B2846 /* Pods_TwitterExample.framework in Frameworks */,
			);
			runOnlyForDeploymentPostprocessing = 0;
		};
/* End PBXFrameworksBuildPhase section */

/* Begin PBXGroup section */
		02BD9B7F25280397006E2F27 = {
			isa = PBXGroup;
			children = (
				02BD9B8A25280397006E2F27 /* TwitterExample */,
				02BD9B8925280397006E2F27 /* Products */,
				DFDC216ABA993C0EC71B2782 /* Pods */,
				19DDB5AFF79094E5318A6ED4 /* Frameworks */,
			);
			sourceTree = "<group>";
		};
		02BD9B8925280397006E2F27 /* Products */ = {
			isa = PBXGroup;
			children = (
				02BD9B8825280397006E2F27 /* TwitterExample.app */,
			);
			name = Products;
			sourceTree = "<group>";
		};
		02BD9B8A25280397006E2F27 /* TwitterExample */ = {
			isa = PBXGroup;
			children = (
				02BD9BA0252803DA006E2F27 /* Model */,
				02BD9BA1252803E1006E2F27 /* View */,
				02BD9BA2252803E7006E2F27 /* ViewModel */,
				02BD9BA3252803FF006E2F27 /* Controller */,
				02BD9BA425280404006E2F27 /* Api */,
				02BD9BA525280408006E2F27 /* Utils */,
				02BD9B8B25280397006E2F27 /* AppDelegate.swift */,
				025D80602528C9080046E7DE /* GoogleService-Info.plist */,
				02BD9B8D25280397006E2F27 /* SceneDelegate.swift */,
				02BD9B9125280397006E2F27 /* Main.storyboard */,
				02BD9B9425280398006E2F27 /* Assets.xcassets */,
				02BD9B9625280398006E2F27 /* LaunchScreen.storyboard */,
				02BD9B9925280398006E2F27 /* Info.plist */,
			);
			path = TwitterExample;
			sourceTree = "<group>";
		};
		02BD9BA0252803DA006E2F27 /* Model */ = {
			isa = PBXGroup;
			children = (
				028CFB642529B7B300090291 /* User.swift */,
				02899136252A20C900112450 /* Tweet.swift */,
			);
			path = Model;
			sourceTree = "<group>";
		};
		02BD9BA1252803E1006E2F27 /* View */ = {
			isa = PBXGroup;
			children = (
				02899130252A15BB00112450 /* CaptionTextView.swift */,
				02899139252A265500112450 /* TweetCell.swift */,
				02899147252A4DB400112450 /* ProfileHeader.swift */,
				0289914A252A5B2A00112450 /* ProfileFilterView.swift */,
				0289914D252A5CE700112450 /* ProfileFilterCell.swift */,
			);
			path = View;
			sourceTree = "<group>";
		};
		02BD9BA2252803E7006E2F27 /* ViewModel */ = {
			isa = PBXGroup;
			children = (
				0289913C252A31E500112450 /* TweetViewModel.swift */,
				02899150252A62B300112450 /* ProfileHeaderViewModel.swift */,
			);
			path = ViewModel;
			sourceTree = "<group>";
		};
		02BD9BA3252803FF006E2F27 /* Controller */ = {
			isa = PBXGroup;
			children = (
				02BD9BB92528187F006E2F27 /* Authentication */,
				02BD9BA7252804CB006E2F27 /* MainTabController.swift */,
				02BD9BAA2528086F006E2F27 /* FeedController.swift */,
				02BD9BAD252808D5006E2F27 /* ExploreController.swift */,
				02BD9BB0252808FF006E2F27 /* NotificationsController.swift */,
				02BD9BB325280914006E2F27 /* ConversationsController.swift */,
				0289912D252A0E4A00112450 /* UploadTweetController.swift */,
				02899143252A43B200112450 /* ProfileController.swift */,
			);
			path = Controller;
			sourceTree = "<group>";
		};
		02BD9BA425280404006E2F27 /* Api */ = {
			isa = PBXGroup;
			children = (
				028CFB5E2529A8F200090291 /* AuthService.swift */,
				028CFB612529B5B900090291 /* UserService.swift */,
				02899133252A19DF00112450 /* TweetService.swift */,
			);
			path = Api;
			sourceTree = "<group>";
		};
		02BD9BA525280408006E2F27 /* Utils */ = {
			isa = PBXGroup;
			children = (
				02BD9BB6252810CF006E2F27 /* Extensions.swift */,
				025D805D252897340046E7DE /* Utilities.swift */,
				028CFB5B2529A51700090291 /* Constants.swift */,
			);
			path = Utils;
			sourceTree = "<group>";
		};
		02BD9BB92528187F006E2F27 /* Authentication */ = {
			isa = PBXGroup;
			children = (
				02BD9BBA252818A1006E2F27 /* LoginController.swift */,
				02BD9BBD252818F3006E2F27 /* RegistrationController.swift */,
			);
			path = Authentication;
			sourceTree = "<group>";
		};
		19DDB5AFF79094E5318A6ED4 /* Frameworks */ = {
			isa = PBXGroup;
			children = (
				77A5BFAB66D2A327E8734E37 /* Pods_TwitterExample.framework */,
			);
			name = Frameworks;
			sourceTree = "<group>";
		};
		DFDC216ABA993C0EC71B2782 /* Pods */ = {
			isa = PBXGroup;
			children = (
				8469FE5ABB8326E9211CCEEB /* Pods-TwitterExample.debug.xcconfig */,
				7453E9328F943EC5351164BF /* Pods-TwitterExample.release.xcconfig */,
			);
			path = Pods;
			sourceTree = "<group>";
		};
/* End PBXGroup section */

/* Begin PBXNativeTarget section */
		02BD9B8725280397006E2F27 /* TwitterExample */ = {
			isa = PBXNativeTarget;
			buildConfigurationList = 02BD9B9C25280398006E2F27 /* Build configuration list for PBXNativeTarget "TwitterExample" */;
			buildPhases = (
				A30438C581646196CA086AFF /* [CP] Check Pods Manifest.lock */,
				02BD9B8425280397006E2F27 /* Sources */,
				02BD9B8525280397006E2F27 /* Frameworks */,
				02BD9B8625280397006E2F27 /* Resources */,
				257514F57A886049BC714790 /* [CP] Embed Pods Frameworks */,
			);
			buildRules = (
			);
			dependencies = (
			);
			name = TwitterExample;
			productName = TwitterExample;
			productReference = 02BD9B8825280397006E2F27 /* TwitterExample.app */;
			productType = "com.apple.product-type.application";
		};
/* End PBXNativeTarget section */

/* Begin PBXProject section */
		02BD9B8025280397006E2F27 /* Project object */ = {
			isa = PBXProject;
			attributes = {
				LastSwiftUpdateCheck = 1200;
				LastUpgradeCheck = 1200;
				TargetAttributes = {
					02BD9B8725280397006E2F27 = {
						CreatedOnToolsVersion = 12.0.1;
					};
				};
			};
			buildConfigurationList = 02BD9B8325280397006E2F27 /* Build configuration list for PBXProject "TwitterExample" */;
			compatibilityVersion = "Xcode 9.3";
			developmentRegion = en;
			hasScannedForEncodings = 0;
			knownRegions = (
				en,
				Base,
			);
			mainGroup = 02BD9B7F25280397006E2F27;
			productRefGroup = 02BD9B8925280397006E2F27 /* Products */;
			projectDirPath = "";
			projectRoot = "";
			targets = (
				02BD9B8725280397006E2F27 /* TwitterExample */,
			);
		};
/* End PBXProject section */

/* Begin PBXResourcesBuildPhase section */
		02BD9B8625280397006E2F27 /* Resources */ = {
			isa = PBXResourcesBuildPhase;
			buildActionMask = 2147483647;
			files = (
				02BD9B9825280398006E2F27 /* LaunchScreen.storyboard in Resources */,
				025D80612528C9080046E7DE /* GoogleService-Info.plist in Resources */,
				02BD9B9525280398006E2F27 /* Assets.xcassets in Resources */,
				02BD9B9325280397006E2F27 /* Main.storyboard in Resources */,
			);
			runOnlyForDeploymentPostprocessing = 0;
		};
/* End PBXResourcesBuildPhase section */

/* Begin PBXShellScriptBuildPhase section */
		257514F57A886049BC714790 /* [CP] Embed Pods Frameworks */ = {
			isa = PBXShellScriptBuildPhase;
			buildActionMask = 2147483647;
			files = (
			);
			inputFileListPaths = (
				"${PODS_ROOT}/Target Support Files/Pods-TwitterExample/Pods-TwitterExample-frameworks-${CONFIGURATION}-input-files.xcfilelist",
			);
			name = "[CP] Embed Pods Frameworks";
			outputFileListPaths = (
				"${PODS_ROOT}/Target Support Files/Pods-TwitterExample/Pods-TwitterExample-frameworks-${CONFIGURATION}-output-files.xcfilelist",
			);
			runOnlyForDeploymentPostprocessing = 0;
			shellPath = /bin/sh;
			shellScript = "\"${PODS_ROOT}/Target Support Files/Pods-TwitterExample/Pods-TwitterExample-frameworks.sh\"\n";
			showEnvVarsInLog = 0;
		};
		A30438C581646196CA086AFF /* [CP] Check Pods Manifest.lock */ = {
			isa = PBXShellScriptBuildPhase;
			buildActionMask = 2147483647;
			files = (
			);
			inputFileListPaths = (
			);
			inputPaths = (
				"${PODS_PODFILE_DIR_PATH}/Podfile.lock",
				"${PODS_ROOT}/Manifest.lock",
			);
			name = "[CP] Check Pods Manifest.lock";
			outputFileListPaths = (
			);
			outputPaths = (
				"$(DERIVED_FILE_DIR)/Pods-TwitterExample-checkManifestLockResult.txt",
			);
			runOnlyForDeploymentPostprocessing = 0;
			shellPath = /bin/sh;
			shellScript = "diff \"${PODS_PODFILE_DIR_PATH}/Podfile.lock\" \"${PODS_ROOT}/Manifest.lock\" > /dev/null\nif [ $? != 0 ] ; then\n    # print error to STDERR\n    echo \"error: The sandbox is not in sync with the Podfile.lock. Run 'pod install' or update your CocoaPods installation.\" >&2\n    exit 1\nfi\n# This output is used by Xcode 'outputs' to avoid re-running this script phase.\necho \"SUCCESS\" > \"${SCRIPT_OUTPUT_FILE_0}\"\n";
			showEnvVarsInLog = 0;
		};
/* End PBXShellScriptBuildPhase section */

/* Begin PBXSourcesBuildPhase section */
		02BD9B8425280397006E2F27 /* Sources */ = {
			isa = PBXSourcesBuildPhase;
			buildActionMask = 2147483647;
			files = (
				028CFB622529B5B900090291 /* UserService.swift in Sources */,
				02BD9BB1252808FF006E2F27 /* NotificationsController.swift in Sources */,
				02899131252A15BB00112450 /* CaptionTextView.swift in Sources */,
				0289914E252A5CE700112450 /* ProfileFilterCell.swift in Sources */,
				02BD9BB425280914006E2F27 /* ConversationsController.swift in Sources */,
				025D805E252897340046E7DE /* Utilities.swift in Sources */,
				02BD9B8C25280397006E2F27 /* AppDelegate.swift in Sources */,
				02BD9BB7252810CF006E2F27 /* Extensions.swift in Sources */,
				0289913A252A265500112450 /* TweetCell.swift in Sources */,
				02899148252A4DB400112450 /* ProfileHeader.swift in Sources */,
				02BD9BBB252818A1006E2F27 /* LoginController.swift in Sources */,
				028CFB5F2529A8F200090291 /* AuthService.swift in Sources */,
				0289912E252A0E4A00112450 /* UploadTweetController.swift in Sources */,
				02899151252A62B300112450 /* ProfileHeaderViewModel.swift in Sources */,
				028CFB652529B7B300090291 /* User.swift in Sources */,
				02BD9BAE252808D5006E2F27 /* ExploreController.swift in Sources */,
				02BD9B8E25280397006E2F27 /* SceneDelegate.swift in Sources */,
				02BD9BA8252804CB006E2F27 /* MainTabController.swift in Sources */,
				0289913D252A31E500112450 /* TweetViewModel.swift in Sources */,
				02BD9BBE252818F3006E2F27 /* RegistrationController.swift in Sources */,
				02899144252A43B200112450 /* ProfileController.swift in Sources */,
				02BD9BAB2528086F006E2F27 /* FeedController.swift in Sources */,
				0289914B252A5B2A00112450 /* ProfileFilterView.swift in Sources */,
				028CFB5C2529A51700090291 /* Constants.swift in Sources */,
				02899137252A20C900112450 /* Tweet.swift in Sources */,
				02899134252A19DF00112450 /* TweetService.swift in Sources */,
			);
			runOnlyForDeploymentPostprocessing = 0;
		};
/* End PBXSourcesBuildPhase section */

/* Begin PBXVariantGroup section */
		02BD9B9125280397006E2F27 /* Main.storyboard */ = {
			isa = PBXVariantGroup;
			children = (
				02BD9B9225280397006E2F27 /* Base */,
			);
			name = Main.storyboard;
			sourceTree = "<group>";
		};
		02BD9B9625280398006E2F27 /* LaunchScreen.storyboard */ = {
			isa = PBXVariantGroup;
			children = (
				02BD9B9725280398006E2F27 /* Base */,
			);
			name = LaunchScreen.storyboard;
			sourceTree = "<group>";
		};
/* End PBXVariantGroup section */

/* Begin XCBuildConfiguration section */
		02BD9B9A25280398006E2F27 /* Debug */ = {
			isa = XCBuildConfiguration;
			buildSettings = {
				ALWAYS_SEARCH_USER_PATHS = NO;
				CLANG_ANALYZER_NONNULL = YES;
				CLANG_ANALYZER_NUMBER_OBJECT_CONVERSION = YES_AGGRESSIVE;
				CLANG_CXX_LANGUAGE_STANDARD = "gnu++14";
				CLANG_CXX_LIBRARY = "libc++";
				CLANG_ENABLE_MODULES = YES;
				CLANG_ENABLE_OBJC_ARC = YES;
				CLANG_ENABLE_OBJC_WEAK = YES;
				CLANG_WARN_BLOCK_CAPTURE_AUTORELEASING = YES;
				CLANG_WARN_BOOL_CONVERSION = YES;
				CLANG_WARN_COMMA = YES;
				CLANG_WARN_CONSTANT_CONVERSION = YES;
				CLANG_WARN_DEPRECATED_OBJC_IMPLEMENTATIONS = YES;
				CLANG_WARN_DIRECT_OBJC_ISA_USAGE = YES_ERROR;
				CLANG_WARN_DOCUMENTATION_COMMENTS = YES;
				CLANG_WARN_EMPTY_BODY = YES;
				CLANG_WARN_ENUM_CONVERSION = YES;
				CLANG_WARN_INFINITE_RECURSION = YES;
				CLANG_WARN_INT_CONVERSION = YES;
				CLANG_WARN_NON_LITERAL_NULL_CONVERSION = YES;
				CLANG_WARN_OBJC_IMPLICIT_RETAIN_SELF = YES;
				CLANG_WARN_OBJC_LITERAL_CONVERSION = YES;
				CLANG_WARN_OBJC_ROOT_CLASS = YES_ERROR;
				CLANG_WARN_QUOTED_INCLUDE_IN_FRAMEWORK_HEADER = YES;
				CLANG_WARN_RANGE_LOOP_ANALYSIS = YES;
				CLANG_WARN_STRICT_PROTOTYPES = YES;
				CLANG_WARN_SUSPICIOUS_MOVE = YES;
				CLANG_WARN_UNGUARDED_AVAILABILITY = YES_AGGRESSIVE;
				CLANG_WARN_UNREACHABLE_CODE = YES;
				CLANG_WARN__DUPLICATE_METHOD_MATCH = YES;
				COPY_PHASE_STRIP = NO;
				DEBUG_INFORMATION_FORMAT = dwarf;
				ENABLE_STRICT_OBJC_MSGSEND = YES;
				ENABLE_TESTABILITY = YES;
				GCC_C_LANGUAGE_STANDARD = gnu11;
				GCC_DYNAMIC_NO_PIC = NO;
				GCC_NO_COMMON_BLOCKS = YES;
				GCC_OPTIMIZATION_LEVEL = 0;
				GCC_PREPROCESSOR_DEFINITIONS = (
					"DEBUG=1",
					"$(inherited)",
				);
				GCC_WARN_64_TO_32_BIT_CONVERSION = YES;
				GCC_WARN_ABOUT_RETURN_TYPE = YES_ERROR;
				GCC_WARN_UNDECLARED_SELECTOR = YES;
				GCC_WARN_UNINITIALIZED_AUTOS = YES_AGGRESSIVE;
				GCC_WARN_UNUSED_FUNCTION = YES;
				GCC_WARN_UNUSED_VARIABLE = YES;
				IPHONEOS_DEPLOYMENT_TARGET = 14.0;
				MTL_ENABLE_DEBUG_INFO = INCLUDE_SOURCE;
				MTL_FAST_MATH = YES;
				ONLY_ACTIVE_ARCH = YES;
				SDKROOT = iphoneos;
				SWIFT_ACTIVE_COMPILATION_CONDITIONS = DEBUG;
				SWIFT_OPTIMIZATION_LEVEL = "-Onone";
			};
			name = Debug;
		};
		02BD9B9B25280398006E2F27 /* Release */ = {
			isa = XCBuildConfiguration;
			buildSettings = {
				ALWAYS_SEARCH_USER_PATHS = NO;
				CLANG_ANALYZER_NONNULL = YES;
				CLANG_ANALYZER_NUMBER_OBJECT_CONVERSION = YES_AGGRESSIVE;
				CLANG_CXX_LANGUAGE_STANDARD = "gnu++14";
				CLANG_CXX_LIBRARY = "libc++";
				CLANG_ENABLE_MODULES = YES;
				CLANG_ENABLE_OBJC_ARC = YES;
				CLANG_ENABLE_OBJC_WEAK = YES;
				CLANG_WARN_BLOCK_CAPTURE_AUTORELEASING = YES;
				CLANG_WARN_BOOL_CONVERSION = YES;
				CLANG_WARN_COMMA = YES;
				CLANG_WARN_CONSTANT_CONVERSION = YES;
				CLANG_WARN_DEPRECATED_OBJC_IMPLEMENTATIONS = YES;
				CLANG_WARN_DIRECT_OBJC_ISA_USAGE = YES_ERROR;
				CLANG_WARN_DOCUMENTATION_COMMENTS = YES;
				CLANG_WARN_EMPTY_BODY = YES;
				CLANG_WARN_ENUM_CONVERSION = YES;
				CLANG_WARN_INFINITE_RECURSION = YES;
				CLANG_WARN_INT_CONVERSION = YES;
				CLANG_WARN_NON_LITERAL_NULL_CONVERSION = YES;
				CLANG_WARN_OBJC_IMPLICIT_RETAIN_SELF = YES;
				CLANG_WARN_OBJC_LITERAL_CONVERSION = YES;
				CLANG_WARN_OBJC_ROOT_CLASS = YES_ERROR;
				CLANG_WARN_QUOTED_INCLUDE_IN_FRAMEWORK_HEADER = YES;
				CLANG_WARN_RANGE_LOOP_ANALYSIS = YES;
				CLANG_WARN_STRICT_PROTOTYPES = YES;
				CLANG_WARN_SUSPICIOUS_MOVE = YES;
				CLANG_WARN_UNGUARDED_AVAILABILITY = YES_AGGRESSIVE;
				CLANG_WARN_UNREACHABLE_CODE = YES;
				CLANG_WARN__DUPLICATE_METHOD_MATCH = YES;
				COPY_PHASE_STRIP = NO;
				DEBUG_INFORMATION_FORMAT = "dwarf-with-dsym";
				ENABLE_NS_ASSERTIONS = NO;
				ENABLE_STRICT_OBJC_MSGSEND = YES;
				GCC_C_LANGUAGE_STANDARD = gnu11;
				GCC_NO_COMMON_BLOCKS = YES;
				GCC_WARN_64_TO_32_BIT_CONVERSION = YES;
				GCC_WARN_ABOUT_RETURN_TYPE = YES_ERROR;
				GCC_WARN_UNDECLARED_SELECTOR = YES;
				GCC_WARN_UNINITIALIZED_AUTOS = YES_AGGRESSIVE;
				GCC_WARN_UNUSED_FUNCTION = YES;
				GCC_WARN_UNUSED_VARIABLE = YES;
				IPHONEOS_DEPLOYMENT_TARGET = 14.0;
				MTL_ENABLE_DEBUG_INFO = NO;
				MTL_FAST_MATH = YES;
				SDKROOT = iphoneos;
				SWIFT_COMPILATION_MODE = wholemodule;
				SWIFT_OPTIMIZATION_LEVEL = "-O";
				VALIDATE_PRODUCT = YES;
			};
			name = Release;
		};
		02BD9B9D25280398006E2F27 /* Debug */ = {
			isa = XCBuildConfiguration;
			baseConfigurationReference = 8469FE5ABB8326E9211CCEEB /* Pods-TwitterExample.debug.xcconfig */;
			buildSettings = {
				ASSETCATALOG_COMPILER_APPICON_NAME = AppIcon;
				ASSETCATALOG_COMPILER_GLOBAL_ACCENT_COLOR_NAME = AccentColor;
				CODE_SIGN_STYLE = Automatic;
				INFOPLIST_FILE = TwitterExample/Info.plist;
				LD_RUNPATH_SEARCH_PATHS = (
					"$(inherited)",
					"@executable_path/Frameworks",
				);
				PRODUCT_BUNDLE_IDENTIFIER = com.dkiesshau.TwitterExample;
				PRODUCT_NAME = "$(TARGET_NAME)";
				SWIFT_VERSION = 5.0;
				TARGETED_DEVICE_FAMILY = "1,2";
			};
			name = Debug;
		};
		02BD9B9E25280398006E2F27 /* Release */ = {
			isa = XCBuildConfiguration;
			baseConfigurationReference = 7453E9328F943EC5351164BF /* Pods-TwitterExample.release.xcconfig */;
			buildSettings = {
				ASSETCATALOG_COMPILER_APPICON_NAME = AppIcon;
				ASSETCATALOG_COMPILER_GLOBAL_ACCENT_COLOR_NAME = AccentColor;
				CODE_SIGN_STYLE = Automatic;
				INFOPLIST_FILE = TwitterExample/Info.plist;
				LD_RUNPATH_SEARCH_PATHS = (
					"$(inherited)",
					"@executable_path/Frameworks",
				);
				PRODUCT_BUNDLE_IDENTIFIER = com.dkiesshau.TwitterExample;
				PRODUCT_NAME = "$(TARGET_NAME)";
				SWIFT_VERSION = 5.0;
				TARGETED_DEVICE_FAMILY = "1,2";
			};
			name = Release;
		};
/* End XCBuildConfiguration section */

/* Begin XCConfigurationList section */
		02BD9B8325280397006E2F27 /* Build configuration list for PBXProject "TwitterExample" */ = {
			isa = XCConfigurationList;
			buildConfigurations = (
				02BD9B9A25280398006E2F27 /* Debug */,
				02BD9B9B25280398006E2F27 /* Release */,
			);
			defaultConfigurationIsVisible = 0;
			defaultConfigurationName = Release;
		};
		02BD9B9C25280398006E2F27 /* Build configuration list for PBXNativeTarget "TwitterExample" */ = {
			isa = XCConfigurationList;
			buildConfigurations = (
				02BD9B9D25280398006E2F27 /* Debug */,
				02BD9B9E25280398006E2F27 /* Release */,
			);
			defaultConfigurationIsVisible = 0;
			defaultConfigurationName = Release;
		};
/* End XCConfigurationList section */
	};
	rootObject = 02BD9B8025280397006E2F27 /* Project object */;
}
